
Microsoft Visual Studio Solution File, Format Version 12.00
# Visual Studio Version 17
VisualStudioVersion = 17.3.32929.385
MinimumVisualStudioVersion = 10.0.40219.1
Project("{FAE04EC0-301F-11D3-BF4B-00C04F79EFBC}") = "666AB", "666AB\666AB.csproj", "{47CA0A43-25B3-4340-9867-F82738551E48}"
EndProject
Global
	GlobalSection(SolutionConfigurationPlatforms) = preSolution
		Debug|Any CPU = Debug|Any CPU
		Release|Any CPU = Release|Any CPU
	EndGlobalSection
	GlobalSection(ProjectConfigurationPlatforms) = postSolution
		{47CA0A43-25B3-4340-9867-F82738551E48}.Debug|Any CPU.ActiveCfg = Debug|Any CPU
		{47CA0A43-25B3-4340-9867-F82738551E48}.Debug|Any CPU.Build.0 = Debug|Any CPU
		{47CA0A43-25B3-4340-9867-F82738551E48}.Release|Any CPU.ActiveCfg = Release|Any CPU
		{47CA0A43-25B3-4340-9867-F82738551E48}.Release|Any CPU.Build.0 = Release|Any CPU
	EndGlobalSection
	GlobalSection(SolutionProperties) = preSolution
		HideSolutionNode = FALSE
	EndGlobalSection
	GlobalSection(ExtensibilityGlobals) = postSolution
		SolutionGuid = {219CFA60-3190-4967-A9E0-72834268FC88}
	EndGlobalSection
EndGlobal
